
Microsoft Visual Studio Solution File, Format Version 12.00
# Visual Studio Version 17
VisualStudioVersion = 17.5.002.0
MinimumVisualStudioVersion = 10.0.40219.1
Project("{2150E333-8FDC-42A3-9474-1A3956D46DE8}") = "csharp-prep", "csharp-prep", "{8B7173FF-20E1-4880-BC57-11426DC4463C}"
EndProject
Project("{9A19103F-16F7-4668-BE54-9A1E7A4F7556}") = "Prep1", "csharp-prep\Prep1\Prep1.csproj", "{BDF966F3-0548-420F-AF94-64C76A6AA933}"
EndProject
Project("{9A19103F-16F7-4668-BE54-9A1E7A4F7556}") = "Prep2", "csharp-prep\Prep2\Prep2.csproj", "{214D9CF3-B77B-4B0A-95CE-F1974F057F17}"
EndProject
Project("{9A19103F-16F7-4668-BE54-9A1E7A4F7556}") = "Prep3", "csharp-prep\Prep3\Prep3.csproj", "{009FF34F-A4AC-48EC-951B-D6F09B2CDC7E}"
EndProject
Project("{9A19103F-16F7-4668-BE54-9A1E7A4F7556}") = "Prep4", "csharp-prep\Prep4\Prep4.csproj", "{826D5858-A69A-478C-A54B-DEDDFA8F7266}"
EndProject
Project("{9A19103F-16F7-4668-BE54-9A1E7A4F7556}") = "Prep5", "csharp-prep\Prep5\Prep5.csproj", "{6A07D55B-40A3-4D1D-9A1A-9D027CACA2A9}"
EndProject
Project("{2150E333-8FDC-42A3-9474-1A3956D46DE8}") = "final", "final", "{18B1336B-9046-42AA-B50A-484E3A8398E0}"
EndProject
Project("{9A19103F-16F7-4668-BE54-9A1E7A4F7556}") = "FinalProject", "final\FinalProject\FinalProject.csproj", "{AA95E492-FD4F-454D-9DBF-6C02791F2A4B}"
EndProject
Project("{9A19103F-16F7-4668-BE54-9A1E7A4F7556}") = "Foundation1", "final\Foundation1\Foundation1.csproj", "{3ECD2014-1E83-42A0-8157-8E79972CEA1D}"
EndProject
Project("{9A19103F-16F7-4668-BE54-9A1E7A4F7556}") = "Foundation2", "final\Foundation2\Foundation2.csproj", "{865A22C0-11FE-47D2-80F1-863AE650CE77}"
EndProject
Project("{9A19103F-16F7-4668-BE54-9A1E7A4F7556}") = "Foundation3", "final\Foundation3\Foundation3.csproj", "{751EEFAA-848A-41B6-BEEB-29D96441540E}"
EndProject
Project("{9A19103F-16F7-4668-BE54-9A1E7A4F7556}") = "Foundation4", "final\Foundation4\Foundation4.csproj", "{B2BDC013-B32E-409F-A442-3402E52D6FF4}"
EndProject
Project("{2150E333-8FDC-42A3-9474-1A3956D46DE8}") = "prepare", "prepare", "{9A66C781-6361-4559-83D6-9F117AAD5970}"
EndProject
Project("{9A19103F-16F7-4668-BE54-9A1E7A4F7556}") = "Learning02", "prepare\Learning02\Learning02.csproj", "{ADB1E40B-8FF6-4A9A-A10D-32BD63CA55AE}"
EndProject
Project("{9A19103F-16F7-4668-BE54-9A1E7A4F7556}") = "Learning03", "prepare\Learning03\Learning03.csproj", "{A2E332B5-F8E1-4DA0-A8BD-3799A816413A}"
EndProject
Project("{9A19103F-16F7-4668-BE54-9A1E7A4F7556}") = "Learning04", "prepare\Learning04\Learning04.csproj", "{F55FC873-F8EB-471A-BF27-1948DF5B5149}"
EndProject
Project("{9A19103F-16F7-4668-BE54-9A1E7A4F7556}") = "Learning05", "prepare\Learning05\Learning05.csproj", "{29F3EE67-4F2A-4CBA-9B16-BE1FA0A037C3}"
EndProject
Project("{2150E333-8FDC-42A3-9474-1A3956D46DE8}") = "prove", "prove", "{DBFE39F2-2604-422E-B2AE-7D50809D10A2}"
EndProject
Project("{9A19103F-16F7-4668-BE54-9A1E7A4F7556}") = "Develop02", "prove\Develop02\Develop02.csproj", "{DEC83F81-7F57-441E-B4F5-3B40188654DD}"
EndProject
Project("{9A19103F-16F7-4668-BE54-9A1E7A4F7556}") = "Develop03", "prove\Develop03\Develop03.csproj", "{058AB55A-CF49-4203-B64C-C2CE29A667DB}"
EndProject
Project("{9A19103F-16F7-4668-BE54-9A1E7A4F7556}") = "Develop04", "prove\Develop04\Develop04.csproj", "{55BA637C-0B66-4A96-B7E4-6B1DC8A2705E}"
EndProject
Project("{9A19103F-16F7-4668-BE54-9A1E7A4F7556}") = "Develop05", "prove\Develop05\Develop05.csproj", "{A03DEB5B-0212-438F-B889-DAD42B1CBCD5}"
EndProject
Project("{2150E333-8FDC-42A3-9474-1A3956D46DE8}") = "sandbox", "sandbox", "{6CE87367-C449-49F0-BD5E-BF2D93101BDE}"
EndProject
Project("{9A19103F-16F7-4668-BE54-9A1E7A4F7556}") = "Sandbox", "sandbox\Sandbox\Sandbox.csproj", "{710D0868-53D0-4ACA-A70C-50FD4A6CA737}"
EndProject
Global
	GlobalSection(SolutionConfigurationPlatforms) = preSolution
		Debug|Any CPU = Debug|Any CPU
		Release|Any CPU = Release|Any CPU
	EndGlobalSection
	GlobalSection(ProjectConfigurationPlatforms) = postSolution
		{BDF966F3-0548-420F-AF94-64C76A6AA933}.Debug|Any CPU.ActiveCfg = Debug|Any CPU
		{BDF966F3-0548-420F-AF94-64C76A6AA933}.Debug|Any CPU.Build.0 = Debug|Any CPU
		{BDF966F3-0548-420F-AF94-64C76A6AA933}.Release|Any CPU.ActiveCfg = Release|Any CPU
		{BDF966F3-0548-420F-AF94-64C76A6AA933}.Release|Any CPU.Build.0 = Release|Any CPU
		{214D9CF3-B77B-4B0A-95CE-F1974F057F17}.Debug|Any CPU.ActiveCfg = Debug|Any CPU
		{214D9CF3-B77B-4B0A-95CE-F1974F057F17}.Debug|Any CPU.Build.0 = Debug|Any CPU
		{214D9CF3-B77B-4B0A-95CE-F1974F057F17}.Release|Any CPU.ActiveCfg = Release|Any CPU
		{214D9CF3-B77B-4B0A-95CE-F1974F057F17}.Release|Any CPU.Build.0 = Release|Any CPU
		{009FF34F-A4AC-48EC-951B-D6F09B2CDC7E}.Debug|Any CPU.ActiveCfg = Debug|Any CPU
		{009FF34F-A4AC-48EC-951B-D6F09B2CDC7E}.Debug|Any CPU.Build.0 = Debug|Any CPU
		{009FF34F-A4AC-48EC-951B-D6F09B2CDC7E}.Release|Any CPU.ActiveCfg = Release|Any CPU
		{009FF34F-A4AC-48EC-951B-D6F09B2CDC7E}.Release|Any CPU.Build.0 = Release|Any CPU
		{826D5858-A69A-478C-A54B-DEDDFA8F7266}.Debug|Any CPU.ActiveCfg = Debug|Any CPU
		{826D5858-A69A-478C-A54B-DEDDFA8F7266}.Debug|Any CPU.Build.0 = Debug|Any CPU
		{826D5858-A69A-478C-A54B-DEDDFA8F7266}.Release|Any CPU.ActiveCfg = Release|Any CPU
		{826D5858-A69A-478C-A54B-DEDDFA8F7266}.Release|Any CPU.Build.0 = Release|Any CPU
		{6A07D55B-40A3-4D1D-9A1A-9D027CACA2A9}.Debug|Any CPU.ActiveCfg = Debug|Any CPU
		{6A07D55B-40A3-4D1D-9A1A-9D027CACA2A9}.Debug|Any CPU.Build.0 = Debug|Any CPU
		{6A07D55B-40A3-4D1D-9A1A-9D027CACA2A9}.Release|Any CPU.ActiveCfg = Release|Any CPU
		{6A07D55B-40A3-4D1D-9A1A-9D027CACA2A9}.Release|Any CPU.Build.0 = Release|Any CPU
		{AA95E492-FD4F-454D-9DBF-6C02791F2A4B}.Debug|Any CPU.ActiveCfg = Debug|Any CPU
		{AA95E492-FD4F-454D-9DBF-6C02791F2A4B}.Debug|Any CPU.Build.0 = Debug|Any CPU
		{AA95E492-FD4F-454D-9DBF-6C02791F2A4B}.Release|Any CPU.ActiveCfg = Release|Any CPU
		{AA95E492-FD4F-454D-9DBF-6C02791F2A4B}.Release|Any CPU.Build.0 = Release|Any CPU
		{3ECD2014-1E83-42A0-8157-8E79972CEA1D}.Debug|Any CPU.ActiveCfg = Debug|Any CPU
		{3ECD2014-1E83-42A0-8157-8E79972CEA1D}.Debug|Any CPU.Build.0 = Debug|Any CPU
		{3ECD2014-1E83-42A0-8157-8E79972CEA1D}.Release|Any CPU.ActiveCfg = Release|Any CPU
		{3ECD2014-1E83-42A0-8157-8E79972CEA1D}.Release|Any CPU.Build.0 = Release|Any CPU
		{865A22C0-11FE-47D2-80F1-863AE650CE77}.Debug|Any CPU.ActiveCfg = Debug|Any CPU
		{865A22C0-11FE-47D2-80F1-863AE650CE77}.Debug|Any CPU.Build.0 = Debug|Any CPU
		{865A22C0-11FE-47D2-80F1-863AE650CE77}.Release|Any CPU.ActiveCfg = Release|Any CPU
		{865A22C0-11FE-47D2-80F1-863AE650CE77}.Release|Any CPU.Build.0 = Release|Any CPU
		{751EEFAA-848A-41B6-BEEB-29D96441540E}.Debug|Any CPU.ActiveCfg = Debug|Any CPU
		{751EEFAA-848A-41B6-BEEB-29D96441540E}.Debug|Any CPU.Build.0 = Debug|Any CPU
		{751EEFAA-848A-41B6-BEEB-29D96441540E}.Release|Any CPU.ActiveCfg = Release|Any CPU
		{751EEFAA-848A-41B6-BEEB-29D96441540E}.Release|Any CPU.Build.0 = Release|Any CPU
		{B2BDC013-B32E-409F-A442-3402E52D6FF4}.Debug|Any CPU.ActiveCfg = Debug|Any CPU
		{B2BDC013-B32E-409F-A442-3402E52D6FF4}.Debug|Any CPU.Build.0 = Debug|Any CPU
		{B2BDC013-B32E-409F-A442-3402E52D6FF4}.Release|Any CPU.ActiveCfg = Release|Any CPU
		{B2BDC013-B32E-409F-A442-3402E52D6FF4}.Release|Any CPU.Build.0 = Release|Any CPU
		{ADB1E40B-8FF6-4A9A-A10D-32BD63CA55AE}.Debug|Any CPU.ActiveCfg = Debug|Any CPU
		{ADB1E40B-8FF6-4A9A-A10D-32BD63CA55AE}.Debug|Any CPU.Build.0 = Debug|Any CPU
		{ADB1E40B-8FF6-4A9A-A10D-32BD63CA55AE}.Release|Any CPU.ActiveCfg = Release|Any CPU
		{ADB1E40B-8FF6-4A9A-A10D-32BD63CA55AE}.Release|Any CPU.Build.0 = Release|Any CPU
		{A2E332B5-F8E1-4DA0-A8BD-3799A816413A}.Debug|Any CPU.ActiveCfg = Debug|Any CPU
		{A2E332B5-F8E1-4DA0-A8BD-3799A816413A}.Debug|Any CPU.Build.0 = Debug|Any CPU
		{A2E332B5-F8E1-4DA0-A8BD-3799A816413A}.Release|Any CPU.ActiveCfg = Release|Any CPU
		{A2E332B5-F8E1-4DA0-A8BD-3799A816413A}.Release|Any CPU.Build.0 = Release|Any CPU
		{F55FC873-F8EB-471A-BF27-1948DF5B5149}.Debug|Any CPU.ActiveCfg = Debug|Any CPU
		{F55FC873-F8EB-471A-BF27-1948DF5B5149}.Debug|Any CPU.Build.0 = Debug|Any CPU
		{F55FC873-F8EB-471A-BF27-1948DF5B5149}.Release|Any CPU.ActiveCfg = Release|Any CPU
		{F55FC873-F8EB-471A-BF27-1948DF5B5149}.Release|Any CPU.Build.0 = Release|Any CPU
		{29F3EE67-4F2A-4CBA-9B16-BE1FA0A037C3}.Debug|Any CPU.ActiveCfg = Debug|Any CPU
		{29F3EE67-4F2A-4CBA-9B16-BE1FA0A037C3}.Debug|Any CPU.Build.0 = Debug|Any CPU
		{29F3EE67-4F2A-4CBA-9B16-BE1FA0A037C3}.Release|Any CPU.ActiveCfg = Release|Any CPU
		{29F3EE67-4F2A-4CBA-9B16-BE1FA0A037C3}.Release|Any CPU.Build.0 = Release|Any CPU
		{DEC83F81-7F57-441E-B4F5-3B40188654DD}.Debug|Any CPU.ActiveCfg = Debug|Any CPU
		{DEC83F81-7F57-441E-B4F5-3B40188654DD}.Debug|Any CPU.Build.0 = Debug|Any CPU
		{DEC83F81-7F57-441E-B4F5-3B40188654DD}.Release|Any CPU.ActiveCfg = Release|Any CPU
		{DEC83F81-7F57-441E-B4F5-3B40188654DD}.Release|Any CPU.Build.0 = Release|Any CPU
		{058AB55A-CF49-4203-B64C-C2CE29A667DB}.Debug|Any CPU.ActiveCfg = Debug|Any CPU
		{058AB55A-CF49-4203-B64C-C2CE29A667DB}.Debug|Any CPU.Build.0 = Debug|Any CPU
		{058AB55A-CF49-4203-B64C-C2CE29A667DB}.Release|Any CPU.ActiveCfg = Release|Any CPU
		{058AB55A-CF49-4203-B64C-C2CE29A667DB}.Release|Any CPU.Build.0 = Release|Any CPU
		{55BA637C-0B66-4A96-B7E4-6B1DC8A2705E}.Debug|Any CPU.ActiveCfg = Debug|Any CPU
		{55BA637C-0B66-4A96-B7E4-6B1DC8A2705E}.Debug|Any CPU.Build.0 = Debug|Any CPU
		{55BA637C-0B66-4A96-B7E4-6B1DC8A2705E}.Release|Any CPU.ActiveCfg = Release|Any CPU
		{55BA637C-0B66-4A96-B7E4-6B1DC8A2705E}.Release|Any CPU.Build.0 = Release|Any CPU
		{A03DEB5B-0212-438F-B889-DAD42B1CBCD5}.Debug|Any CPU.ActiveCfg = Debug|Any CPU
		{A03DEB5B-0212-438F-B889-DAD42B1CBCD5}.Debug|Any CPU.Build.0 = Debug|Any CPU
		{A03DEB5B-0212-438F-B889-DAD42B1CBCD5}.Release|Any CPU.ActiveCfg = Release|Any CPU
		{A03DEB5B-0212-438F-B889-DAD42B1CBCD5}.Release|Any CPU.Build.0 = Release|Any CPU
		{710D0868-53D0-4ACA-A70C-50FD4A6CA737}.Debug|Any CPU.ActiveCfg = Debug|Any CPU
		{710D0868-53D0-4ACA-A70C-50FD4A6CA737}.Debug|Any CPU.Build.0 = Debug|Any CPU
		{710D0868-53D0-4ACA-A70C-50FD4A6CA737}.Release|Any CPU.ActiveCfg = Release|Any CPU
		{710D0868-53D0-4ACA-A70C-50FD4A6CA737}.Release|Any CPU.Build.0 = Release|Any CPU
	EndGlobalSection
	GlobalSection(SolutionProperties) = preSolution
		HideSolutionNode = FALSE
	EndGlobalSection
	GlobalSection(NestedProjects) = preSolution
		{BDF966F3-0548-420F-AF94-64C76A6AA933} = {8B7173FF-20E1-4880-BC57-11426DC4463C}
		{214D9CF3-B77B-4B0A-95CE-F1974F057F17} = {8B7173FF-20E1-4880-BC57-11426DC4463C}
		{009FF34F-A4AC-48EC-951B-D6F09B2CDC7E} = {8B7173FF-20E1-4880-BC57-11426DC4463C}
		{826D5858-A69A-478C-A54B-DEDDFA8F7266} = {8B7173FF-20E1-4880-BC57-11426DC4463C}
		{6A07D55B-40A3-4D1D-9A1A-9D027CACA2A9} = {8B7173FF-20E1-4880-BC57-11426DC4463C}
		{AA95E492-FD4F-454D-9DBF-6C02791F2A4B} = {18B1336B-9046-42AA-B50A-484E3A8398E0}
		{3ECD2014-1E83-42A0-8157-8E79972CEA1D} = {18B1336B-9046-42AA-B50A-484E3A8398E0}
		{865A22C0-11FE-47D2-80F1-863AE650CE77} = {18B1336B-9046-42AA-B50A-484E3A8398E0}
		{751EEFAA-848A-41B6-BEEB-29D96441540E} = {18B1336B-9046-42AA-B50A-484E3A8398E0}
		{B2BDC013-B32E-409F-A442-3402E52D6FF4} = {18B1336B-9046-42AA-B50A-484E3A8398E0}
		{ADB1E40B-8FF6-4A9A-A10D-32BD63CA55AE} = {9A66C781-6361-4559-83D6-9F117AAD5970}
		{A2E332B5-F8E1-4DA0-A8BD-3799A816413A} = {9A66C781-6361-4559-83D6-9F117AAD5970}
		{F55FC873-F8EB-471A-BF27-1948DF5B5149} = {9A66C781-6361-4559-83D6-9F117AAD5970}
		{29F3EE67-4F2A-4CBA-9B16-BE1FA0A037C3} = {9A66C781-6361-4559-83D6-9F117AAD5970}
		{DEC83F81-7F57-441E-B4F5-3B40188654DD} = {DBFE39F2-2604-422E-B2AE-7D50809D10A2}
		{058AB55A-CF49-4203-B64C-C2CE29A667DB} = {DBFE39F2-2604-422E-B2AE-7D50809D10A2}
		{55BA637C-0B66-4A96-B7E4-6B1DC8A2705E} = {DBFE39F2-2604-422E-B2AE-7D50809D10A2}
		{A03DEB5B-0212-438F-B889-DAD42B1CBCD5} = {DBFE39F2-2604-422E-B2AE-7D50809D10A2}
		{710D0868-53D0-4ACA-A70C-50FD4A6CA737} = {6CE87367-C449-49F0-BD5E-BF2D93101BDE}
	EndGlobalSection
	GlobalSection(ExtensibilityGlobals) = postSolution
		SolutionGuid = {BAF0999A-3476-40DD-9555-32AEBBB15036}
	EndGlobalSection
EndGlobal
